
Microsoft Visual Studio Solution File, Format Version 12.00
# Visual Studio Version 16
VisualStudioVersion = 16.0.28803.202
MinimumVisualStudioVersion = 10.0.40219.1
Project("{FAE04EC0-301F-11D3-BF4B-00C04F79EFBC}") = "GIT", "GIT.csproj", "{1D8CC353-3CD1-4139-8CDC-92F099DFBAF1}"
EndProject
Global
	GlobalSection(SolutionConfigurationPlatforms) = preSolution
		Debug|Any CPU = Debug|Any CPU
		Release|Any CPU = Release|Any CPU
	EndGlobalSection
	GlobalSection(ProjectConfigurationPlatforms) = postSolution
		{1D8CC353-3CD1-4139-8CDC-92F099DFBAF1}.Debug|Any CPU.ActiveCfg = Debug|Any CPU
		{1D8CC353-3CD1-4139-8CDC-92F099DFBAF1}.Debug|Any CPU.Build.0 = Debug|Any CPU
		{1D8CC353-3CD1-4139-8CDC-92F099DFBAF1}.Release|Any CPU.ActiveCfg = Release|Any CPU
		{1D8CC353-3CD1-4139-8CDC-92F099DFBAF1}.Release|Any CPU.Build.0 = Release|Any CPU
	EndGlobalSection
	GlobalSection(SolutionProperties) = preSolution
		HideSolutionNode = FALSE
	EndGlobalSection
	GlobalSection(ExtensibilityGlobals) = postSolution
		SolutionGuid = {5ED6C8E3-F962-4BA4-ADEC-A96880368433}
	EndGlobalSection
EndGlobal
